<?xml version="1.0" encoding="utf-8"?>
<Project ToolsVersion="4.0" xmlns="http://schemas.microsoft.com/developer/msbuild/2003">
  <ItemGroup>
    <Filter Include="Исходные файлы">
      <UniqueIdentifier>{4FC737F1-C7A5-4376-A066-2A32D752A2FF}</UniqueIdentifier>
      <Extensions>cpp;c;cc;cxx;c++;cppm;ixx;def;odl;idl;hpj;bat;asm;asmx</Extensions>
    </Filter>
    <Filter Include="Файлы заголовков">
      <UniqueIdentifier>{93995380-89BD-4b04-88EB-625FBE52EBFB}</UniqueIdentifier>
      <Extensions>h;hh;hpp;hxx;h++;hm;inl;inc;ipp;xsd</Extensions>
    </Filter>
    <Filter Include="Файлы ресурсов">
      <UniqueIdentifier>{67DA6AB6-F800-4c08-8B7A-83BB121AAD01}</UniqueIdentifier>
      <Extensions>rc;ico;cur;bmp;dlg;rc2;rct;bin;rgs;gif;jpg;jpeg;jpe;resx;tiff;tif;png;wav;mfcribbon-ms</Extensions>
    </Filter>
    <Filter Include="Файлы заголовков\Components">
      <UniqueIdentifier>{c03dcea2-2706-4f13-9620-84768138a580}</UniqueIdentifier>
    </Filter>
    <Filter Include="Файлы заголовков\Components\RenderComponent">
      <UniqueIdentifier>{087d15d1-a60b-405b-9167-2f7152875adc}</UniqueIdentifier>
    </Filter>
    <Filter Include="Файлы заголовков\Systems">
      <UniqueIdentifier>{f76d9f33-ec58-4c6e-958e-836486815804}</UniqueIdentifier>
    </Filter>
    <Filter Include="Файлы заголовков\Components\Physics">
      <UniqueIdentifier>{524804f6-1c96-43bb-b1ba-19546bda50c5}</UniqueIdentifier>
    </Filter>
    <Filter Include="Файлы заголовков\Managers">
      <UniqueIdentifier>{8c9a3749-0961-495a-a129-7e8a467df655}</UniqueIdentifier>
    </Filter>
    <Filter Include="Файлы заголовков\Components\Physics\Cooliders">
      <UniqueIdentifier>{d447f243-c370-43d6-b4c4-9d2703b74d90}</UniqueIdentifier>
    </Filter>
    <Filter Include="Файлы заголовков\Systems\Collision">
      <UniqueIdentifier>{3f8f209c-9f62-452e-ad2e-eae673812c11}</UniqueIdentifier>
    </Filter>
    <Filter Include="Файлы заголовков\Managers\Scene">
      <UniqueIdentifier>{78cea297-2fea-40b0-8af1-9afe62d58d81}</UniqueIdentifier>
    </Filter>
  </ItemGroup>
  <ItemGroup>
    <ClInclude Include="framework.h">
      <Filter>Файлы заголовков</Filter>
    </ClInclude>
    <ClInclude Include="pch.h">
      <Filter>Файлы заголовков</Filter>
    </ClInclude>
    <ClInclude Include="Engine.h">
      <Filter>Файлы заголовков</Filter>
    </ClInclude>
    <ClInclude Include="Component.h">
      <Filter>Файлы заголовков\Components</Filter>
    </ClInclude>
    <ClInclude Include="TransformComponent.h">
      <Filter>Файлы заголовков\Components</Filter>
    </ClInclude>
    <ClInclude Include="GameObject.h">
      <Filter>Файлы заголовков</Filter>
    </ClInclude>
    <ClInclude Include="Scene.h">
      <Filter>Файлы заголовков</Filter>
    </ClInclude>
    <ClInclude Include="SpriteRenderer.h">
      <Filter>Файлы заголовков\Components\RenderComponent</Filter>
    </ClInclude>
    <ClInclude Include="ShapeRenderer.h">
      <Filter>Файлы заголовков\Components\RenderComponent</Filter>
    </ClInclude>
    <ClInclude Include="RenderSystem.h">
      <Filter>Файлы заголовков\Systems</Filter>
    </ClInclude>
    <ClInclude Include="UpdateSystem.h">
      <Filter>Файлы заголовков\Systems</Filter>
    </ClInclude>
    <ClInclude Include="PhysicsSystem.h">
      <Filter>Файлы заголовков\Systems</Filter>
    </ClInclude>
    <ClInclude Include="TextureManager.h">
      <Filter>Файлы заголовков\Managers</Filter>
    </ClInclude>
    <ClInclude Include="Rigidbody.h">
      <Filter>Файлы заголовков\Components\Physics</Filter>
    </ClInclude>
    <ClInclude Include="BoxCollider.h">
      <Filter>Файлы заголовков\Components\Physics\Cooliders</Filter>
    </ClInclude>
    <ClInclude Include="Collider.h">
      <Filter>Файлы заголовков\Components\Physics\Cooliders</Filter>
    </ClInclude>
    <ClInclude Include="CircleCollider.h">
      <Filter>Файлы заголовков\Components\Physics\Cooliders</Filter>
    </ClInclude>
    <ClInclude Include="CollisionSystem.h">
      <Filter>Файлы заголовков\Systems\Collision</Filter>
    </ClInclude>
    <ClInclude Include="CollisionPair.h">
      <Filter>Файлы заголовков\Systems\Collision</Filter>
    </ClInclude>
    <ClInclude Include="ITriggerListener.h">
      <Filter>Файлы заголовков</Filter>
    </ClInclude>
    <ClInclude Include="CollisionPairHash.h">
      <Filter>Файлы заголовков\Systems\Collision</Filter>
    </ClInclude>
    <ClInclude Include="CollisionManifold.h">
      <Filter>Файлы заголовков\Components\Physics</Filter>
    </ClInclude>
    <ClInclude Include="AudioManager.h">
      <Filter>Файлы заголовков\Managers</Filter>
    </ClInclude>
    <ClInclude Include="SceneManager.h">
      <Filter>Файлы заголовков\Managers\Scene</Filter>
    </ClInclude>
    <ClInclude Include="ChangeSceneEvent.h">
      <Filter>Файлы заголовков\Managers\Scene</Filter>
    </ClInclude>
    <ClInclude Include="EventBus.h">
      <Filter>Файлы заголовков\Managers\Scene</Filter>
    </ClInclude>
    <ClInclude Include="EngineAPI.h">
      <Filter>Файлы заголовков</Filter>
    </ClInclude>
    <ClInclude Include="MathUtils.h">
      <Filter>Файлы заголовков</Filter>
    </ClInclude>
    <ClInclude Include="TagComponent.h">
      <Filter>Файлы заголовков\Components</Filter>
    </ClInclude>
  </ItemGroup>
  <ItemGroup>
    <ClCompile Include="dllmain.cpp">
      <Filter>Исходные файлы</Filter>
    </ClCompile>
    <ClCompile Include="pch.cpp">
      <Filter>Исходные файлы</Filter>
    </ClCompile>
    <ClCompile Include="Engine.cpp">
      <Filter>Исходные файлы</Filter>
    </ClCompile>
    <ClCompile Include="TransformComponent.cpp">
      <Filter>Исходные файлы</Filter>
    </ClCompile>
    <ClCompile Include="GameObject.cpp">
      <Filter>Исходные файлы</Filter>
    </ClCompile>
    <ClCompile Include="SpriteRenderer.cpp">
      <Filter>Исходные файлы</Filter>
    </ClCompile>
    <ClCompile Include="TextureManager.cpp">
      <Filter>Исходные файлы</Filter>
    </ClCompile>
    <ClCompile Include="RenderSystem.cpp">
      <Filter>Исходные файлы</Filter>
    </ClCompile>
    <ClCompile Include="Rigidbody.cpp">
      <Filter>Исходные файлы</Filter>
    </ClCompile>
    <ClCompile Include="SceneManager.cpp">
      <Filter>Исходные файлы</Filter>
    </ClCompile>
    <ClCompile Include="Scene.cpp">
      <Filter>Исходные файлы</Filter>
    </ClCompile>
    <ClCompile Include="BoxCollider.cpp">
      <Filter>Исходные файлы</Filter>
    </ClCompile>
    <ClCompile Include="CircleCollider.cpp">
      <Filter>Исходные файлы</Filter>
    </ClCompile>
  </ItemGroup>
  <ItemGroup>
    <None Include="cpp.hint" />
  </ItemGroup>
</Project>